// !$*UTF8*$!
{
	archiveVersion = 1;
	classes = {
	};
	objectVersion = 50;
	objects = {

/* Begin PBXBuildFile section */
		2C47BC552255EF4500A0D947 /* AppDelegate.swift in Sources */ = {isa = PBXBuildFile; fileRef = 2C47BC542255EF4500A0D947 /* AppDelegate.swift */; };
		2C47BC572255EF4500A0D947 /* ViewController.swift in Sources */ = {isa = PBXBuildFile; fileRef = 2C47BC562255EF4500A0D947 /* ViewController.swift */; };
		2C47BC5A2255EF4500A0D947 /* Main.storyboard in Resources */ = {isa = PBXBuildFile; fileRef = 2C47BC582255EF4500A0D947 /* Main.storyboard */; };
		2C47BC5C2255EF4500A0D947 /* Assets.xcassets in Resources */ = {isa = PBXBuildFile; fileRef = 2C47BC5B2255EF4500A0D947 /* Assets.xcassets */; };
		2C47BC5F2255EF4500A0D947 /* LaunchScreen.storyboard in Resources */ = {isa = PBXBuildFile; fileRef = 2C47BC5D2255EF4500A0D947 /* LaunchScreen.storyboard */; };
		2C47BC6A2255EF4500A0D947 /* ProtocolDelegateDemo1Tests.swift in Sources */ = {isa = PBXBuildFile; fileRef = 2C47BC692255EF4500A0D947 /* ProtocolDelegateDemo1Tests.swift */; };
		2C47BC752255EF4500A0D947 /* ProtocolDelegateDemo1UITests.swift in Sources */ = {isa = PBXBuildFile; fileRef = 2C47BC742255EF4500A0D947 /* ProtocolDelegateDemo1UITests.swift */; };
/* End PBXBuildFile section */

/* Begin PBXContainerItemProxy section */
		2C47BC662255EF4500A0D947 /* PBXContainerItemProxy */ = {
			isa = PBXContainerItemProxy;
			containerPortal = 2C47BC492255EF4500A0D947 /* Project object */;
			proxyType = 1;
			remoteGlobalIDString = 2C47BC502255EF4500A0D947;
			remoteInfo = ProtocolDelegateDemo1;
		};
		2C47BC712255EF4500A0D947 /* PBXContainerItemProxy */ = {
			isa = PBXContainerItemProxy;
			containerPortal = 2C47BC492255EF4500A0D947 /* Project object */;
			proxyType = 1;
			remoteGlobalIDString = 2C47BC502255EF4500A0D947;
			remoteInfo = ProtocolDelegateDemo1;
		};
/* End PBXContainerItemProxy section */

/* Begin PBXFileReference section */
		2C47BC512255EF4500A0D947 /* ProtocolDelegateDemo1.app */ = {isa = PBXFileReference; explicitFileType = wrapper.application; includeInIndex = 0; path = ProtocolDelegateDemo1.app; sourceTree = BUILT_PRODUCTS_DIR; };
		2C47BC542255EF4500A0D947 /* AppDelegate.swift */ = {isa = PBXFileReference; lastKnownFileType = sourcecode.swift; path = AppDelegate.swift; sourceTree = "<group>"; };
		2C47BC562255EF4500A0D947 /* ViewController.swift */ = {isa = PBXFileReference; lastKnownFileType = sourcecode.swift; path = ViewController.swift; sourceTree = "<group>"; };
		2C47BC592255EF4500A0D947 /* Base */ = {isa = PBXFileReference; lastKnownFileType = file.storyboard; name = Base; path = Base.lproj/Main.storyboard; sourceTree = "<group>"; };
		2C47BC5B2255EF4500A0D947 /* Assets.xcassets */ = {isa = PBXFileReference; lastKnownFileType = folder.assetcatalog; path = Assets.xcassets; sourceTree = "<group>"; };
		2C47BC5E2255EF4500A0D947 /* Base */ = {isa = PBXFileReference; lastKnownFileType = file.storyboard; name = Base; path = Base.lproj/LaunchScreen.storyboard; sourceTree = "<group>"; };
		2C47BC602255EF4500A0D947 /* Info.plist */ = {isa = PBXFileReference; lastKnownFileType = text.plist.xml; path = Info.plist; sourceTree = "<group>"; };
		2C47BC652255EF4500A0D947 /* ProtocolDelegateDemo1Tests.xctest */ = {isa = PBXFileReference; explicitFileType = wrapper.cfbundle; includeInIndex = 0; path = ProtocolDelegateDemo1Tests.xctest; sourceTree = BUILT_PRODUCTS_DIR; };
		2C47BC692255EF4500A0D947 /* ProtocolDelegateDemo1Tests.swift */ = {isa = PBXFileReference; lastKnownFileType = sourcecode.swift; path = ProtocolDelegateDemo1Tests.swift; sourceTree = "<group>"; };
		2C47BC6B2255EF4500A0D947 /* Info.plist */ = {isa = PBXFileReference; lastKnownFileType = text.plist.xml; path = Info.plist; sourceTree = "<group>"; };
		2C47BC702255EF4500A0D947 /* ProtocolDelegateDemo1UITests.xctest */ = {isa = PBXFileReference; explicitFileType = wrapper.cfbundle; includeInIndex = 0; path = ProtocolDelegateDemo1UITests.xctest; sourceTree = BUILT_PRODUCTS_DIR; };
		2C47BC742255EF4500A0D947 /* ProtocolDelegateDemo1UITests.swift */ = {isa = PBXFileReference; lastKnownFileType = sourcecode.swift; path = ProtocolDelegateDemo1UITests.swift; sourceTree = "<group>"; };
		2C47BC762255EF4500A0D947 /* Info.plist */ = {isa = PBXFileReference; lastKnownFileType = text.plist.xml; path = Info.plist; sourceTree = "<group>"; };
/* End PBXFileReference section */

/* Begin PBXFrameworksBuildPhase section */
		2C47BC4E2255EF4500A0D947 /* Frameworks */ = {
			isa = PBXFrameworksBuildPhase;
			buildActionMask = 2147483647;
			files = (
			);
			runOnlyForDeploymentPostprocessing = 0;
		};
		2C47BC622255EF4500A0D947 /* Frameworks */ = {
			isa = PBXFrameworksBuildPhase;
			buildActionMask = 2147483647;
			files = (
			);
			runOnlyForDeploymentPostprocessing = 0;
		};
		2C47BC6D2255EF4500A0D947 /* Frameworks */ = {
			isa = PBXFrameworksBuildPhase;
			buildActionMask = 2147483647;
			files = (
			);
			runOnlyForDeploymentPostprocessing = 0;
		};
/* End PBXFrameworksBuildPhase section */

/* Begin PBXGroup section */
		2C47BC482255EF4500A0D947 = {
			isa = PBXGroup;
			children = (
				2C47BC532255EF4500A0D947 /* ProtocolDelegateDemo1 */,
				2C47BC682255EF4500A0D947 /* ProtocolDelegateDemo1Tests */,
				2C47BC732255EF4500A0D947 /* ProtocolDelegateDemo1UITests */,
				2C47BC522255EF4500A0D947 /* Products */,
			);
			sourceTree = "<group>";
		};
		2C47BC522255EF4500A0D947 /* Products */ = {
			isa = PBXGroup;
			children = (
				2C47BC512255EF4500A0D947 /* ProtocolDelegateDemo1.app */,
				2C47BC652255EF4500A0D947 /* ProtocolDelegateDemo1Tests.xctest */,
				2C47BC702255EF4500A0D947 /* ProtocolDelegateDemo1UITests.xctest */,
			);
			name = Products;
			sourceTree = "<group>";
		};
		2C47BC532255EF4500A0D947 /* ProtocolDelegateDemo1 */ = {
			isa = PBXGroup;
			children = (
				2C47BC542255EF4500A0D947 /* AppDelegate.swift */,
				2C47BC562255EF4500A0D947 /* ViewController.swift */,
				2C47BC582255EF4500A0D947 /* Main.storyboard */,
				2C47BC5B2255EF4500A0D947 /* Assets.xcassets */,
				2C47BC5D2255EF4500A0D947 /* LaunchScreen.storyboard */,
				2C47BC602255EF4500A0D947 /* Info.plist */,
			);
			path = ProtocolDelegateDemo1;
			sourceTree = "<group>";
		};
		2C47BC682255EF4500A0D947 /* ProtocolDelegateDemo1Tests */ = {
			isa = PBXGroup;
			children = (
				2C47BC692255EF4500A0D947 /* ProtocolDelegateDemo1Tests.swift */,
				2C47BC6B2255EF4500A0D947 /* Info.plist */,
			);
			path = ProtocolDelegateDemo1Tests;
			sourceTree = "<group>";
		};
		2C47BC732255EF4500A0D947 /* ProtocolDelegateDemo1UITests */ = {
			isa = PBXGroup;
			children = (
				2C47BC742255EF4500A0D947 /* ProtocolDelegateDemo1UITests.swift */,
				2C47BC762255EF4500A0D947 /* Info.plist */,
			);
			path = ProtocolDelegateDemo1UITests;
			sourceTree = "<group>";
		};
/* End PBXGroup section */

/* Begin PBXNativeTarget section */
		2C47BC502255EF4500A0D947 /* ProtocolDelegateDemo1 */ = {
			isa = PBXNativeTarget;
			buildConfigurationList = 2C47BC792255EF4500A0D947 /* Build configuration list for PBXNativeTarget "ProtocolDelegateDemo1" */;
			buildPhases = (
				2C47BC4D2255EF4500A0D947 /* Sources */,
				2C47BC4E2255EF4500A0D947 /* Frameworks */,
				2C47BC4F2255EF4500A0D947 /* Resources */,
			);
			buildRules = (
			);
			dependencies = (
			);
			name = ProtocolDelegateDemo1;
			productName = ProtocolDelegateDemo1;
			productReference = 2C47BC512255EF4500A0D947 /* ProtocolDelegateDemo1.app */;
			productType = "com.apple.product-type.application";
		};
		2C47BC642255EF4500A0D947 /* ProtocolDelegateDemo1Tests */ = {
			isa = PBXNativeTarget;
			buildConfigurationList = 2C47BC7C2255EF4500A0D947 /* Build configuration list for PBXNativeTarget "ProtocolDelegateDemo1Tests" */;
			buildPhases = (
				2C47BC612255EF4500A0D947 /* Sources */,
				2C47BC622255EF4500A0D947 /* Frameworks */,
				2C47BC632255EF4500A0D947 /* Resources */,
			);
			buildRules = (
			);
			dependencies = (
				2C47BC672255EF4500A0D947 /* PBXTargetDependency */,
			);
			name = ProtocolDelegateDemo1Tests;
			productName = ProtocolDelegateDemo1Tests;
			productReference = 2C47BC652255EF4500A0D947 /* ProtocolDelegateDemo1Tests.xctest */;
			productType = "com.apple.product-type.bundle.unit-test";
		};
		2C47BC6F2255EF4500A0D947 /* ProtocolDelegateDemo1UITests */ = {
			isa = PBXNativeTarget;
			buildConfigurationList = 2C47BC7F2255EF4500A0D947 /* Build configuration list for PBXNativeTarget "ProtocolDelegateDemo1UITests" */;
			buildPhases = (
				2C47BC6C2255EF4500A0D947 /* Sources */,
				2C47BC6D2255EF4500A0D947 /* Frameworks */,
				2C47BC6E2255EF4500A0D947 /* Resources */,
			);
			buildRules = (
			);
			dependencies = (
				2C47BC722255EF4500A0D947 /* PBXTargetDependency */,
			);
			name = ProtocolDelegateDemo1UITests;
			productName = ProtocolDelegateDemo1UITests;
			productReference = 2C47BC702255EF4500A0D947 /* ProtocolDelegateDemo1UITests.xctest */;
			productType = "com.apple.product-type.bundle.ui-testing";
		};
/* End PBXNativeTarget section */

/* Begin PBXProject section */
		2C47BC492255EF4500A0D947 /* Project object */ = {
			isa = PBXProject;
			attributes = {
				LastSwiftUpdateCheck = 1020;
				LastUpgradeCheck = 1020;
				ORGANIZATIONNAME = "Sneha Harke";
				TargetAttributes = {
					2C47BC502255EF4500A0D947 = {
						CreatedOnToolsVersion = 10.2;
					};
					2C47BC642255EF4500A0D947 = {
						CreatedOnToolsVersion = 10.2;
						TestTargetID = 2C47BC502255EF4500A0D947;
					};
					2C47BC6F2255EF4500A0D947 = {
						CreatedOnToolsVersion = 10.2;
						TestTargetID = 2C47BC502255EF4500A0D947;
					};
				};
			};
			buildConfigurationList = 2C47BC4C2255EF4500A0D947 /* Build configuration list for PBXProject "ProtocolDelegateDemo1" */;
			compatibilityVersion = "Xcode 9.3";
			developmentRegion = en;
			hasScannedForEncodings = 0;
			knownRegions = (
				en,
				Base,
			);
			mainGroup = 2C47BC482255EF4500A0D947;
			productRefGroup = 2C47BC522255EF4500A0D947 /* Products */;
			projectDirPath = "";
			projectRoot = "";
			targets = (
				2C47BC502255EF4500A0D947 /* ProtocolDelegateDemo1 */,
				2C47BC642255EF4500A0D947 /* ProtocolDelegateDemo1Tests */,
				2C47BC6F2255EF4500A0D947 /* ProtocolDelegateDemo1UITests */,
			);
		};
/* End PBXProject section */

/* Begin PBXResourcesBuildPhase section */
		2C47BC4F2255EF4500A0D947 /* Resources */ = {
			isa = PBXResourcesBuildPhase;
			buildActionMask = 2147483647;
			files = (
				2C47BC5F2255EF4500A0D947 /* LaunchScreen.storyboard in Resources */,
				2C47BC5C2255EF4500A0D947 /* Assets.xcassets in Resources */,
				2C47BC5A2255EF4500A0D947 /* Main.storyboard in Resources */,
			);
			runOnlyForDeploymentPostprocessing = 0;
		};
		2C47BC632255EF4500A0D947 /* Resources */ = {
			isa = PBXResourcesBuildPhase;
			buildActionMask = 2147483647;
			files = (
			);
			runOnlyForDeploymentPostprocessing = 0;
		};
		2C47BC6E2255EF4500A0D947 /* Resources */ = {
			isa = PBXResourcesBuildPhase;
			buildActionMask = 2147483647;
			files = (
			);
			runOnlyForDeploymentPostprocessing = 0;
		};
/* End PBXResourcesBuildPhase section */

/* Begin PBXSourcesBuildPhase section */
		2C47BC4D2255EF4500A0D947 /* Sources */ = {
			isa = PBXSourcesBuildPhase;
			buildActionMask = 2147483647;
			files = (
				2C47BC572255EF4500A0D947 /* ViewController.swift in Sources */,
				2C47BC552255EF4500A0D947 /* AppDelegate.swift in Sources */,
			);
			runOnlyForDeploymentPostprocessing = 0;
		};
		2C47BC612255EF4500A0D947 /* Sources */ = {
			isa = PBXSourcesBuildPhase;
			buildActionMask = 2147483647;
			files = (
				2C47BC6A2255EF4500A0D947 /* ProtocolDelegateDemo1Tests.swift in Sources */,
			);
			runOnlyForDeploymentPostprocessing = 0;
		};
		2C47BC6C2255EF4500A0D947 /* Sources */ = {
			isa = PBXSourcesBuildPhase;
			buildActionMask = 2147483647;
			files = (
				2C47BC752255EF4500A0D947 /* ProtocolDelegateDemo1UITests.swift in Sources */,
			);
			runOnlyForDeploymentPostprocessing = 0;
		};
/* End PBXSourcesBuildPhase section */

/* Begin PBXTargetDependency section */
		2C47BC672255EF4500A0D947 /* PBXTargetDependency */ = {
			isa = PBXTargetDependency;
			target = 2C47BC502255EF4500A0D947 /* ProtocolDelegateDemo1 */;
			targetProxy = 2C47BC662255EF4500A0D947 /* PBXContainerItemProxy */;
		};
		2C47BC722255EF4500A0D947 /* PBXTargetDependency */ = {
			isa = PBXTargetDependency;
			target = 2C47BC502255EF4500A0D947 /* ProtocolDelegateDemo1 */;
			targetProxy = 2C47BC712255EF4500A0D947 /* PBXContainerItemProxy */;
		};
/* End PBXTargetDependency section */

/* Begin PBXVariantGroup section */
		2C47BC582255EF4500A0D947 /* Main.storyboard */ = {
			isa = PBXVariantGroup;
			children = (
				2C47BC592255EF4500A0D947 /* Base */,
			);
			name = Main.storyboard;
			sourceTree = "<group>";
		};
		2C47BC5D2255EF4500A0D947 /* LaunchScreen.storyboard */ = {
			isa = PBXVariantGroup;
			children = (
				2C47BC5E2255EF4500A0D947 /* Base */,
			);
			name = LaunchScreen.storyboard;
			sourceTree = "<group>";
		};
/* End PBXVariantGroup section */

/* Begin XCBuildConfiguration section */
		2C47BC772255EF4500A0D947 /* Debug */ = {
			isa = XCBuildConfiguration;
			buildSettings = {
				ALWAYS_SEARCH_USER_PATHS = NO;
				CLANG_ANALYZER_NONNULL = YES;
				CLANG_ANALYZER_NUMBER_OBJECT_CONVERSION = YES_AGGRESSIVE;
				CLANG_CXX_LANGUAGE_STANDARD = "gnu++14";
				CLANG_CXX_LIBRARY = "libc++";
				CLANG_ENABLE_MODULES = YES;
				CLANG_ENABLE_OBJC_ARC = YES;
				CLANG_ENABLE_OBJC_WEAK = YES;
				CLANG_WARN_BLOCK_CAPTURE_AUTORELEASING = YES;
				CLANG_WARN_BOOL_CONVERSION = YES;
				CLANG_WARN_COMMA = YES;
				CLANG_WARN_CONSTANT_CONVERSION = YES;
				CLANG_WARN_DEPRECATED_OBJC_IMPLEMENTATIONS = YES;
				CLANG_WARN_DIRECT_OBJC_ISA_USAGE = YES_ERROR;
				CLANG_WARN_DOCUMENTATION_COMMENTS = YES;
				CLANG_WARN_EMPTY_BODY = YES;
				CLANG_WARN_ENUM_CONVERSION = YES;
				CLANG_WARN_INFINITE_RECURSION = YES;
				CLANG_WARN_INT_CONVERSION = YES;
				CLANG_WARN_NON_LITERAL_NULL_CONVERSION = YES;
				CLANG_WARN_OBJC_IMPLICIT_RETAIN_SELF = YES;
				CLANG_WARN_OBJC_LITERAL_CONVERSION = YES;
				CLANG_WARN_OBJC_ROOT_CLASS = YES_ERROR;
				CLANG_WARN_RANGE_LOOP_ANALYSIS = YES;
				CLANG_WARN_STRICT_PROTOTYPES = YES;
				CLANG_WARN_SUSPICIOUS_MOVE = YES;
				CLANG_WARN_UNGUARDED_AVAILABILITY = YES_AGGRESSIVE;
				CLANG_WARN_UNREACHABLE_CODE = YES;
				CLANG_WARN__DUPLICATE_METHOD_MATCH = YES;
				CODE_SIGN_IDENTITY = "iPhone Developer";
				COPY_PHASE_STRIP = NO;
				DEBUG_INFORMATION_FORMAT = dwarf;
				ENABLE_STRICT_OBJC_MSGSEND = YES;
				ENABLE_TESTABILITY = YES;
				GCC_C_LANGUAGE_STANDARD = gnu11;
				GCC_DYNAMIC_NO_PIC = NO;
				GCC_NO_COMMON_BLOCKS = YES;
				GCC_OPTIMIZATION_LEVEL = 0;
				GCC_PREPROCESSOR_DEFINITIONS = (
					"DEBUG=1",
					"$(inherited)",
				);
				GCC_WARN_64_TO_32_BIT_CONVERSION = YES;
				GCC_WARN_ABOUT_RETURN_TYPE = YES_ERROR;
				GCC_WARN_UNDECLARED_SELECTOR = YES;
				GCC_WARN_UNINITIALIZED_AUTOS = YES_AGGRESSIVE;
				GCC_WARN_UNUSED_FUNCTION = YES;
				GCC_WARN_UNUSED_VARIABLE = YES;
				IPHONEOS_DEPLOYMENT_TARGET = 12.2;
				MTL_ENABLE_DEBUG_INFO = INCLUDE_SOURCE;
				MTL_FAST_MATH = YES;
				ONLY_ACTIVE_ARCH = YES;
				SDKROOT = iphoneos;
				SWIFT_ACTIVE_COMPILATION_CONDITIONS = DEBUG;
				SWIFT_OPTIMIZATION_LEVEL = "-Onone";
			};
			name = Debug;
		};
		2C47BC782255EF4500A0D947 /* Release */ = {
			isa = XCBuildConfiguration;
			buildSettings = {
				ALWAYS_SEARCH_USER_PATHS = NO;
				CLANG_ANALYZER_NONNULL = YES;
				CLANG_ANALYZER_NUMBER_OBJECT_CONVERSION = YES_AGGRESSIVE;
				CLANG_CXX_LANGUAGE_STANDARD = "gnu++14";
				CLANG_CXX_LIBRARY = "libc++";
				CLANG_ENABLE_MODULES = YES;
				CLANG_ENABLE_OBJC_ARC = YES;
				CLANG_ENABLE_OBJC_WEAK = YES;
				CLANG_WARN_BLOCK_CAPTURE_AUTORELEASING = YES;
				CLANG_WARN_BOOL_CONVERSION = YES;
				CLANG_WARN_COMMA = YES;
				CLANG_WARN_CONSTANT_CONVERSION = YES;
				CLANG_WARN_DEPRECATED_OBJC_IMPLEMENTATIONS = YES;
				CLANG_WARN_DIRECT_OBJC_ISA_USAGE = YES_ERROR;
				CLANG_WARN_DOCUMENTATION_COMMENTS = YES;
				CLANG_WARN_EMPTY_BODY = YES;
				CLANG_WARN_ENUM_CONVERSION = YES;
				CLANG_WARN_INFINITE_RECURSION = YES;
				CLANG_WARN_INT_CONVERSION = YES;
				CLANG_WARN_NON_LITERAL_NULL_CONVERSION = YES;
				CLANG_WARN_OBJC_IMPLICIT_RETAIN_SELF = YES;
				CLANG_WARN_OBJC_LITERAL_CONVERSION = YES;
				CLANG_WARN_OBJC_ROOT_CLASS = YES_ERROR;
				CLANG_WARN_RANGE_LOOP_ANALYSIS = YES;
				CLANG_WARN_STRICT_PROTOTYPES = YES;
				CLANG_WARN_SUSPICIOUS_MOVE = YES;
				CLANG_WARN_UNGUARDED_AVAILABILITY = YES_AGGRESSIVE;
				CLANG_WARN_UNREACHABLE_CODE = YES;
				CLANG_WARN__DUPLICATE_METHOD_MATCH = YES;
				CODE_SIGN_IDENTITY = "iPhone Developer";
				COPY_PHASE_STRIP = NO;
				DEBUG_INFORMATION_FORMAT = "dwarf-with-dsym";
				ENABLE_NS_ASSERTIONS = NO;
				ENABLE_STRICT_OBJC_MSGSEND = YES;
				GCC_C_LANGUAGE_STANDARD = gnu11;
				GCC_NO_COMMON_BLOCKS = YES;
				GCC_WARN_64_TO_32_BIT_CONVERSION = YES;
				GCC_WARN_ABOUT_RETURN_TYPE = YES_ERROR;
				GCC_WARN_UNDECLARED_SELECTOR = YES;
				GCC_WARN_UNINITIALIZED_AUTOS = YES_AGGRESSIVE;
				GCC_WARN_UNUSED_FUNCTION = YES;
				GCC_WARN_UNUSED_VARIABLE = YES;
				IPHONEOS_DEPLOYMENT_TARGET = 12.2;
				MTL_ENABLE_DEBUG_INFO = NO;
				MTL_FAST_MATH = YES;
				SDKROOT = iphoneos;
				SWIFT_COMPILATION_MODE = wholemodule;
				SWIFT_OPTIMIZATION_LEVEL = "-O";
				VALIDATE_PRODUCT = YES;
			};
			name = Release;
		};
		2C47BC7A2255EF4500A0D947 /* Debug */ = {
			isa = XCBuildConfiguration;
			buildSettings = {
				ASSETCATALOG_COMPILER_APPICON_NAME = AppIcon;
				CODE_SIGN_STYLE = Automatic;
				INFOPLIST_FILE = ProtocolDelegateDemo1/Info.plist;
				LD_RUNPATH_SEARCH_PATHS = (
					"$(inherited)",
					"@executable_path/Frameworks",
				);
				PRODUCT_BUNDLE_IDENTIFIER = com.ril.jio.ProtocolDelegateDemo1;
				PRODUCT_NAME = "$(TARGET_NAME)";
				SWIFT_VERSION = 5.0;
				TARGETED_DEVICE_FAMILY = "1,2";
			};
			name = Debug;
		};
		2C47BC7B2255EF4500A0D947 /* Release */ = {
			isa = XCBuildConfiguration;
			buildSettings = {
				ASSETCATALOG_COMPILER_APPICON_NAME = AppIcon;
				CODE_SIGN_STYLE = Automatic;
				INFOPLIST_FILE = ProtocolDelegateDemo1/Info.plist;
				LD_RUNPATH_SEARCH_PATHS = (
					"$(inherited)",
					"@executable_path/Frameworks",
				);
				PRODUCT_BUNDLE_IDENTIFIER = com.ril.jio.ProtocolDelegateDemo1;
				PRODUCT_NAME = "$(TARGET_NAME)";
				SWIFT_VERSION = 5.0;
				TARGETED_DEVICE_FAMILY = "1,2";
			};
			name = Release;
		};
		2C47BC7D2255EF4500A0D947 /* Debug */ = {
			isa = XCBuildConfiguration;
			buildSettings = {
				ALWAYS_EMBED_SWIFT_STANDARD_LIBRARIES = YES;
				BUNDLE_LOADER = "$(TEST_HOST)";
				CODE_SIGN_STYLE = Automatic;
				INFOPLIST_FILE = ProtocolDelegateDemo1Tests/Info.plist;
				LD_RUNPATH_SEARCH_PATHS = (
					"$(inherited)",
					"@executable_path/Frameworks",
					"@loader_path/Frameworks",
				);
				PRODUCT_BUNDLE_IDENTIFIER = com.ril.jio.ProtocolDelegateDemo1Tests;
				PRODUCT_NAME = "$(TARGET_NAME)";
				SWIFT_VERSION = 5.0;
				TARGETED_DEVICE_FAMILY = "1,2";
				TEST_HOST = "$(BUILT_PRODUCTS_DIR)/ProtocolDelegateDemo1.app/ProtocolDelegateDemo1";
			};
			name = Debug;
		};
		2C47BC7E2255EF4500A0D947 /* Release */ = {
			isa = XCBuildConfiguration;
			buildSettings = {
				ALWAYS_EMBED_SWIFT_STANDARD_LIBRARIES = YES;
				BUNDLE_LOADER = "$(TEST_HOST)";
				CODE_SIGN_STYLE = Automatic;
				INFOPLIST_FILE = ProtocolDelegateDemo1Tests/Info.plist;
				LD_RUNPATH_SEARCH_PATHS = (
					"$(inherited)",
					"@executable_path/Frameworks",
					"@loader_path/Frameworks",
				);
				PRODUCT_BUNDLE_IDENTIFIER = com.ril.jio.ProtocolDelegateDemo1Tests;
				PRODUCT_NAME = "$(TARGET_NAME)";
				SWIFT_VERSION = 5.0;
				TARGETED_DEVICE_FAMILY = "1,2";
				TEST_HOST = "$(BUILT_PRODUCTS_DIR)/ProtocolDelegateDemo1.app/ProtocolDelegateDemo1";
			};
			name = Release;
		};
		2C47BC802255EF4500A0D947 /* Debug */ = {
			isa = XCBuildConfiguration;
			buildSettings = {
				ALWAYS_EMBED_SWIFT_STANDARD_LIBRARIES = YES;
				CODE_SIGN_STYLE = Automatic;
				INFOPLIST_FILE = ProtocolDelegateDemo1UITests/Info.plist;
				LD_RUNPATH_SEARCH_PATHS = (
					"$(inherited)",
					"@executable_path/Frameworks",
					"@loader_path/Frameworks",
				);
				PRODUCT_BUNDLE_IDENTIFIER = com.ril.jio.ProtocolDelegateDemo1UITests;
				PRODUCT_NAME = "$(TARGET_NAME)";
				SWIFT_VERSION = 5.0;
				TARGETED_DEVICE_FAMILY = "1,2";
				TEST_TARGET_NAME = ProtocolDelegateDemo1;
			};
			name = Debug;
		};
		2C47BC812255EF4500A0D947 /* Release */ = {
			isa = XCBuildConfiguration;
			buildSettings = {
				ALWAYS_EMBED_SWIFT_STANDARD_LIBRARIES = YES;
				CODE_SIGN_STYLE = Automatic;
				INFOPLIST_FILE = ProtocolDelegateDemo1UITests/Info.plist;
				LD_RUNPATH_SEARCH_PATHS = (
					"$(inherited)",
					"@executable_path/Frameworks",
					"@loader_path/Frameworks",
				);
				PRODUCT_BUNDLE_IDENTIFIER = com.ril.jio.ProtocolDelegateDemo1UITests;
				PRODUCT_NAME = "$(TARGET_NAME)";
				SWIFT_VERSION = 5.0;
				TARGETED_DEVICE_FAMILY = "1,2";
				TEST_TARGET_NAME = ProtocolDelegateDemo1;
			};
			name = Release;
		};
/* End XCBuildConfiguration section */

/* Begin XCConfigurationList section */
		2C47BC4C2255EF4500A0D947 /* Build configuration list for PBXProject "ProtocolDelegateDemo1" */ = {
			isa = XCConfigurationList;
			buildConfigurations = (
				2C47BC772255EF4500A0D947 /* Debug */,
				2C47BC782255EF4500A0D947 /* Release */,
			);
			defaultConfigurationIsVisible = 0;
			defaultConfigurationName = Release;
		};
		2C47BC792255EF4500A0D947 /* Build configuration list for PBXNativeTarget "ProtocolDelegateDemo1" */ = {
			isa = XCConfigurationList;
			buildConfigurations = (
				2C47BC7A2255EF4500A0D947 /* Debug */,
				2C47BC7B2255EF4500A0D947 /* Release */,
			);
			defaultConfigurationIsVisible = 0;
			defaultConfigurationName = Release;
		};
		2C47BC7C2255EF4500A0D947 /* Build configuration list for PBXNativeTarget "ProtocolDelegateDemo1Tests" */ = {
			isa = XCConfigurationList;
			buildConfigurations = (
				2C47BC7D2255EF4500A0D947 /* Debug */,
				2C47BC7E2255EF4500A0D947 /* Release */,
			);
			defaultConfigurationIsVisible = 0;
			defaultConfigurationName = Release;
		};
		2C47BC7F2255EF4500A0D947 /* Build configuration list for PBXNativeTarget "ProtocolDelegateDemo1UITests" */ = {
			isa = XCConfigurationList;
			buildConfigurations = (
				2C47BC802255EF4500A0D947 /* Debug */,
				2C47BC812255EF4500A0D947 /* Release */,
			);
			defaultConfigurationIsVisible = 0;
			defaultConfigurationName = Release;
		};
/* End XCConfigurationList section */
	};
	rootObject = 2C47BC492255EF4500A0D947 /* Project object */;
}
